
Microsoft Visual Studio Solution File, Format Version 12.00
# Visual Studio Version 17
VisualStudioVersion = 17.14.36414.22 d17.14
MinimumVisualStudioVersion = 10.0.40219.1
Project("{FAE04EC0-301F-11D3-BF4B-00C04F79EFBC}") = "Assignment2", "Assignment2.csproj", "{7DA74626-FEF5-435E-BBE2-01F4BFD9DB44}"
EndProject
Global
	GlobalSection(SolutionConfigurationPlatforms) = preSolution
		Debug|Any CPU = Debug|Any CPU
		Release|Any CPU = Release|Any CPU
	EndGlobalSection
	GlobalSection(ProjectConfigurationPlatforms) = postSolution
		{7DA74626-FEF5-435E-BBE2-01F4BFD9DB44}.Debug|Any CPU.ActiveCfg = Debug|Any CPU
		{7DA74626-FEF5-435E-BBE2-01F4BFD9DB44}.Debug|Any CPU.Build.0 = Debug|Any CPU
		{7DA74626-FEF5-435E-BBE2-01F4BFD9DB44}.Release|Any CPU.ActiveCfg = Release|Any CPU
		{7DA74626-FEF5-435E-BBE2-01F4BFD9DB44}.Release|Any CPU.Build.0 = Release|Any CPU
	EndGlobalSection
	GlobalSection(SolutionProperties) = preSolution
		HideSolutionNode = FALSE
	EndGlobalSection
	GlobalSection(ExtensibilityGlobals) = postSolution
		SolutionGuid = {711B5B0D-A2FE-4049-BC4B-D96FF4ED0A38}
	EndGlobalSection
EndGlobal
